// !$*UTF8*$!
{
	archiveVersion = 1;
	classes = {
	};
	objectVersion = 50;
	objects = {

/* Begin PBXBuildFile section */
		42BECC2F23D0FB9500FD556A /* AppDelegate.swift in Sources */ = {isa = PBXBuildFile; fileRef = 42BECC2E23D0FB9500FD556A /* AppDelegate.swift */; };
		42BECC3123D0FB9500FD556A /* SceneDelegate.swift in Sources */ = {isa = PBXBuildFile; fileRef = 42BECC3023D0FB9500FD556A /* SceneDelegate.swift */; };
		42BECC3623D0FB9500FD556A /* Main.storyboard in Resources */ = {isa = PBXBuildFile; fileRef = 42BECC3423D0FB9500FD556A /* Main.storyboard */; };
		42BECC3823D0FB9F00FD556A /* Assets.xcassets in Resources */ = {isa = PBXBuildFile; fileRef = 42BECC3723D0FB9F00FD556A /* Assets.xcassets */; };
		42BECC3B23D0FB9F00FD556A /* LaunchScreen.storyboard in Resources */ = {isa = PBXBuildFile; fileRef = 42BECC3923D0FB9F00FD556A /* LaunchScreen.storyboard */; };
		42BECC4323D1023F00FD556A /* TipVC.swift in Sources */ = {isa = PBXBuildFile; fileRef = 42BECC4223D1023F00FD556A /* TipVC.swift */; };
/* End PBXBuildFile section */

/* Begin PBXFileReference section */
		42BECC2B23D0FB9500FD556A /* TipPercent.app */ = {isa = PBXFileReference; explicitFileType = wrapper.application; includeInIndex = 0; path = TipPercent.app; sourceTree = BUILT_PRODUCTS_DIR; };
		42BECC2E23D0FB9500FD556A /* AppDelegate.swift */ = {isa = PBXFileReference; lastKnownFileType = sourcecode.swift; path = AppDelegate.swift; sourceTree = "<group>"; };
		42BECC3023D0FB9500FD556A /* SceneDelegate.swift */ = {isa = PBXFileReference; lastKnownFileType = sourcecode.swift; path = SceneDelegate.swift; sourceTree = "<group>"; };
		42BECC3523D0FB9500FD556A /* Base */ = {isa = PBXFileReference; lastKnownFileType = file.storyboard; name = Base; path = Base.lproj/Main.storyboard; sourceTree = "<group>"; };
		42BECC3723D0FB9F00FD556A /* Assets.xcassets */ = {isa = PBXFileReference; lastKnownFileType = folder.assetcatalog; path = Assets.xcassets; sourceTree = "<group>"; };
		42BECC3A23D0FB9F00FD556A /* Base */ = {isa = PBXFileReference; lastKnownFileType = file.storyboard; name = Base; path = Base.lproj/LaunchScreen.storyboard; sourceTree = "<group>"; };
		42BECC3C23D0FB9F00FD556A /* Info.plist */ = {isa = PBXFileReference; lastKnownFileType = text.plist.xml; path = Info.plist; sourceTree = "<group>"; };
		42BECC4223D1023F00FD556A /* TipVC.swift */ = {isa = PBXFileReference; lastKnownFileType = sourcecode.swift; path = TipVC.swift; sourceTree = "<group>"; };
/* End PBXFileReference section */

/* Begin PBXFrameworksBuildPhase section */
		42BECC2823D0FB9500FD556A /* Frameworks */ = {
			isa = PBXFrameworksBuildPhase;
			buildActionMask = 2147483647;
			files = (
			);
			runOnlyForDeploymentPostprocessing = 0;
		};
/* End PBXFrameworksBuildPhase section */

/* Begin PBXGroup section */
		42BECC2223D0FB9500FD556A = {
			isa = PBXGroup;
			children = (
				42BECC2D23D0FB9500FD556A /* TipPercent */,
				42BECC2C23D0FB9500FD556A /* Products */,
			);
			sourceTree = "<group>";
		};
		42BECC2C23D0FB9500FD556A /* Products */ = {
			isa = PBXGroup;
			children = (
				42BECC2B23D0FB9500FD556A /* TipPercent.app */,
			);
			name = Products;
			sourceTree = "<group>";
		};
		42BECC2D23D0FB9500FD556A /* TipPercent */ = {
			isa = PBXGroup;
			children = (
				42BECC2E23D0FB9500FD556A /* AppDelegate.swift */,
				42BECC3023D0FB9500FD556A /* SceneDelegate.swift */,
				42BECC3423D0FB9500FD556A /* Main.storyboard */,
				42BECC4223D1023F00FD556A /* TipVC.swift */,
				42BECC3723D0FB9F00FD556A /* Assets.xcassets */,
				42BECC3923D0FB9F00FD556A /* LaunchScreen.storyboard */,
				42BECC3C23D0FB9F00FD556A /* Info.plist */,
			);
			path = TipPercent;
			sourceTree = "<group>";
		};
/* End PBXGroup section */

/* Begin PBXNativeTarget section */
		42BECC2A23D0FB9500FD556A /* TipPercent */ = {
			isa = PBXNativeTarget;
			buildConfigurationList = 42BECC3F23D0FB9F00FD556A /* Build configuration list for PBXNativeTarget "TipPercent" */;
			buildPhases = (
				42BECC2723D0FB9500FD556A /* Sources */,
				42BECC2823D0FB9500FD556A /* Frameworks */,
				42BECC2923D0FB9500FD556A /* Resources */,
			);
			buildRules = (
			);
			dependencies = (
			);
			name = TipPercent;
			productName = TipPercent;
			productReference = 42BECC2B23D0FB9500FD556A /* TipPercent.app */;
			productType = "com.apple.product-type.application";
		};
/* End PBXNativeTarget section */

/* Begin PBXProject section */
		42BECC2323D0FB9500FD556A /* Project object */ = {
			isa = PBXProject;
			attributes = {
				LastSwiftUpdateCheck = 1130;
				LastUpgradeCheck = 1130;
				ORGANIZATIONNAME = "Joshua Madrigal";
				TargetAttributes = {
					42BECC2A23D0FB9500FD556A = {
						CreatedOnToolsVersion = 11.3.1;
					};
				};
			};
			buildConfigurationList = 42BECC2623D0FB9500FD556A /* Build configuration list for PBXProject "TipPercent" */;
			compatibilityVersion = "Xcode 9.3";
			developmentRegion = en;
			hasScannedForEncodings = 0;
			knownRegions = (
				en,
				Base,
			);
			mainGroup = 42BECC2223D0FB9500FD556A;
			productRefGroup = 42BECC2C23D0FB9500FD556A /* Products */;
			projectDirPath = "";
			projectRoot = "";
			targets = (
				42BECC2A23D0FB9500FD556A /* TipPercent */,
			);
		};
/* End PBXProject section */

/* Begin PBXResourcesBuildPhase section */
		42BECC2923D0FB9500FD556A /* Resources */ = {
			isa = PBXResourcesBuildPhase;
			buildActionMask = 2147483647;
			files = (
				42BECC3B23D0FB9F00FD556A /* LaunchScreen.storyboard in Resources */,
				42BECC3823D0FB9F00FD556A /* Assets.xcassets in Resources */,
				42BECC3623D0FB9500FD556A /* Main.storyboard in Resources */,
			);
			runOnlyForDeploymentPostprocessing = 0;
		};
/* End PBXResourcesBuildPhase section */

/* Begin PBXSourcesBuildPhase section */
		42BECC2723D0FB9500FD556A /* Sources */ = {
			isa = PBXSourcesBuildPhase;
			buildActionMask = 2147483647;
			files = (
				42BECC2F23D0FB9500FD556A /* AppDelegate.swift in Sources */,
				42BECC4323D1023F00FD556A /* TipVC.swift in Sources */,
				42BECC3123D0FB9500FD556A /* SceneDelegate.swift in Sources */,
			);
			runOnlyForDeploymentPostprocessing = 0;
		};
/* End PBXSourcesBuildPhase section */

/* Begin PBXVariantGroup section */
		42BECC3423D0FB9500FD556A /* Main.storyboard */ = {
			isa = PBXVariantGroup;
			children = (
				42BECC3523D0FB9500FD556A /* Base */,
			);
			name = Main.storyboard;
			sourceTree = "<group>";
		};
		42BECC3923D0FB9F00FD556A /* LaunchScreen.storyboard */ = {
			isa = PBXVariantGroup;
			children = (
				42BECC3A23D0FB9F00FD556A /* Base */,
			);
			name = LaunchScreen.storyboard;
			sourceTree = "<group>";
		};
/* End PBXVariantGroup section */

/* Begin XCBuildConfiguration section */
		42BECC3D23D0FB9F00FD556A /* Debug */ = {
			isa = XCBuildConfiguration;
			buildSettings = {
				ALWAYS_SEARCH_USER_PATHS = NO;
				CLANG_ANALYZER_NONNULL = YES;
				CLANG_ANALYZER_NUMBER_OBJECT_CONVERSION = YES_AGGRESSIVE;
				CLANG_CXX_LANGUAGE_STANDARD = "gnu++14";
				CLANG_CXX_LIBRARY = "libc++";
				CLANG_ENABLE_MODULES = YES;
				CLANG_ENABLE_OBJC_ARC = YES;
				CLANG_ENABLE_OBJC_WEAK = YES;
				CLANG_WARN_BLOCK_CAPTURE_AUTORELEASING = YES;
				CLANG_WARN_BOOL_CONVERSION = YES;
				CLANG_WARN_COMMA = YES;
				CLANG_WARN_CONSTANT_CONVERSION = YES;
				CLANG_WARN_DEPRECATED_OBJC_IMPLEMENTATIONS = YES;
				CLANG_WARN_DIRECT_OBJC_ISA_USAGE = YES_ERROR;
				CLANG_WARN_DOCUMENTATION_COMMENTS = YES;
				CLANG_WARN_EMPTY_BODY = YES;
				CLANG_WARN_ENUM_CONVERSION = YES;
				CLANG_WARN_INFINITE_RECURSION = YES;
				CLANG_WARN_INT_CONVERSION = YES;
				CLANG_WARN_NON_LITERAL_NULL_CONVERSION = YES;
				CLANG_WARN_OBJC_IMPLICIT_RETAIN_SELF = YES;
				CLANG_WARN_OBJC_LITERAL_CONVERSION = YES;
				CLANG_WARN_OBJC_ROOT_CLASS = YES_ERROR;
				CLANG_WARN_RANGE_LOOP_ANALYSIS = YES;
				CLANG_WARN_STRICT_PROTOTYPES = YES;
				CLANG_WARN_SUSPICIOUS_MOVE = YES;
				CLANG_WARN_UNGUARDED_AVAILABILITY = YES_AGGRESSIVE;
				CLANG_WARN_UNREACHABLE_CODE = YES;
				CLANG_WARN__DUPLICATE_METHOD_MATCH = YES;
				COPY_PHASE_STRIP = NO;
				DEBUG_INFORMATION_FORMAT = dwarf;
				ENABLE_STRICT_OBJC_MSGSEND = YES;
				ENABLE_TESTABILITY = YES;
				GCC_C_LANGUAGE_STANDARD = gnu11;
				GCC_DYNAMIC_NO_PIC = NO;
				GCC_NO_COMMON_BLOCKS = YES;
				GCC_OPTIMIZATION_LEVEL = 0;
				GCC_PREPROCESSOR_DEFINITIONS = (
					"DEBUG=1",
					"$(inherited)",
				);
				GCC_WARN_64_TO_32_BIT_CONVERSION = YES;
				GCC_WARN_ABOUT_RETURN_TYPE = YES_ERROR;
				GCC_WARN_UNDECLARED_SELECTOR = YES;
				GCC_WARN_UNINITIALIZED_AUTOS = YES_AGGRESSIVE;
				GCC_WARN_UNUSED_FUNCTION = YES;
				GCC_WARN_UNUSED_VARIABLE = YES;
				IPHONEOS_DEPLOYMENT_TARGET = 13.2;
				MTL_ENABLE_DEBUG_INFO = INCLUDE_SOURCE;
				MTL_FAST_MATH = YES;
				ONLY_ACTIVE_ARCH = YES;
				SDKROOT = iphoneos;
				SWIFT_ACTIVE_COMPILATION_CONDITIONS = DEBUG;
				SWIFT_OPTIMIZATION_LEVEL = "-Onone";
			};
			name = Debug;
		};
		42BECC3E23D0FB9F00FD556A /* Release */ = {
			isa = XCBuildConfiguration;
			buildSettings = {
				ALWAYS_SEARCH_USER_PATHS = NO;
				CLANG_ANALYZER_NONNULL = YES;
				CLANG_ANALYZER_NUMBER_OBJECT_CONVERSION = YES_AGGRESSIVE;
				CLANG_CXX_LANGUAGE_STANDARD = "gnu++14";
				CLANG_CXX_LIBRARY = "libc++";
				CLANG_ENABLE_MODULES = YES;
				CLANG_ENABLE_OBJC_ARC = YES;
				CLANG_ENABLE_OBJC_WEAK = YES;
				CLANG_WARN_BLOCK_CAPTURE_AUTORELEASING = YES;
				CLANG_WARN_BOOL_CONVERSION = YES;
				CLANG_WARN_COMMA = YES;
				CLANG_WARN_CONSTANT_CONVERSION = YES;
				CLANG_WARN_DEPRECATED_OBJC_IMPLEMENTATIONS = YES;
				CLANG_WARN_DIRECT_OBJC_ISA_USAGE = YES_ERROR;
				CLANG_WARN_DOCUMENTATION_COMMENTS = YES;
				CLANG_WARN_EMPTY_BODY = YES;
				CLANG_WARN_ENUM_CONVERSION = YES;
				CLANG_WARN_INFINITE_RECURSION = YES;
				CLANG_WARN_INT_CONVERSION = YES;
				CLANG_WARN_NON_LITERAL_NULL_CONVERSION = YES;
				CLANG_WARN_OBJC_IMPLICIT_RETAIN_SELF = YES;
				CLANG_WARN_OBJC_LITERAL_CONVERSION = YES;
				CLANG_WARN_OBJC_ROOT_CLASS = YES_ERROR;
				CLANG_WARN_RANGE_LOOP_ANALYSIS = YES;
				CLANG_WARN_STRICT_PROTOTYPES = YES;
				CLANG_WARN_SUSPICIOUS_MOVE = YES;
				CLANG_WARN_UNGUARDED_AVAILABILITY = YES_AGGRESSIVE;
				CLANG_WARN_UNREACHABLE_CODE = YES;
				CLANG_WARN__DUPLICATE_METHOD_MATCH = YES;
				COPY_PHASE_STRIP = NO;
				DEBUG_INFORMATION_FORMAT = "dwarf-with-dsym";
				ENABLE_NS_ASSERTIONS = NO;
				ENABLE_STRICT_OBJC_MSGSEND = YES;
				GCC_C_LANGUAGE_STANDARD = gnu11;
				GCC_NO_COMMON_BLOCKS = YES;
				GCC_WARN_64_TO_32_BIT_CONVERSION = YES;
				GCC_WARN_ABOUT_RETURN_TYPE = YES_ERROR;
				GCC_WARN_UNDECLARED_SELECTOR = YES;
				GCC_WARN_UNINITIALIZED_AUTOS = YES_AGGRESSIVE;
				GCC_WARN_UNUSED_FUNCTION = YES;
				GCC_WARN_UNUSED_VARIABLE = YES;
				IPHONEOS_DEPLOYMENT_TARGET = 13.2;
				MTL_ENABLE_DEBUG_INFO = NO;
				MTL_FAST_MATH = YES;
				SDKROOT = iphoneos;
				SWIFT_COMPILATION_MODE = wholemodule;
				SWIFT_OPTIMIZATION_LEVEL = "-O";
				VALIDATE_PRODUCT = YES;
			};
			name = Release;
		};
		42BECC4023D0FB9F00FD556A /* Debug */ = {
			isa = XCBuildConfiguration;
			buildSettings = {
				ASSETCATALOG_COMPILER_APPICON_NAME = AppIcon;
				CODE_SIGN_STYLE = Automatic;
				DEVELOPMENT_TEAM = 84B657U6QB;
				INFOPLIST_FILE = TipPercent/Info.plist;
				LD_RUNPATH_SEARCH_PATHS = (
					"$(inherited)",
					"@executable_path/Frameworks",
				);
				PRODUCT_BUNDLE_IDENTIFIER = com.madmonte.TipPercent;
				PRODUCT_NAME = "$(TARGET_NAME)";
				SWIFT_VERSION = 5.0;
				TARGETED_DEVICE_FAMILY = "1,2";
			};
			name = Debug;
		};
		42BECC4123D0FB9F00FD556A /* Release */ = {
			isa = XCBuildConfiguration;
			buildSettings = {
				ASSETCATALOG_COMPILER_APPICON_NAME = AppIcon;
				CODE_SIGN_STYLE = Automatic;
				DEVELOPMENT_TEAM = 84B657U6QB;
				INFOPLIST_FILE = TipPercent/Info.plist;
				LD_RUNPATH_SEARCH_PATHS = (
					"$(inherited)",
					"@executable_path/Frameworks",
				);
				PRODUCT_BUNDLE_IDENTIFIER = com.madmonte.TipPercent;
				PRODUCT_NAME = "$(TARGET_NAME)";
				SWIFT_VERSION = 5.0;
				TARGETED_DEVICE_FAMILY = "1,2";
			};
			name = Release;
		};
/* End XCBuildConfiguration section */

/* Begin XCConfigurationList section */
		42BECC2623D0FB9500FD556A /* Build configuration list for PBXProject "TipPercent" */ = {
			isa = XCConfigurationList;
			buildConfigurations = (
				42BECC3D23D0FB9F00FD556A /* Debug */,
				42BECC3E23D0FB9F00FD556A /* Release */,
			);
			defaultConfigurationIsVisible = 0;
			defaultConfigurationName = Release;
		};
		42BECC3F23D0FB9F00FD556A /* Build configuration list for PBXNativeTarget "TipPercent" */ = {
			isa = XCConfigurationList;
			buildConfigurations = (
				42BECC4023D0FB9F00FD556A /* Debug */,
				42BECC4123D0FB9F00FD556A /* Release */,
			);
			defaultConfigurationIsVisible = 0;
			defaultConfigurationName = Release;
		};
/* End XCConfigurationList section */
	};
	rootObject = 42BECC2323D0FB9500FD556A /* Project object */;
}
